
Microsoft Visual Studio Solution File, Format Version 12.00
# Visual Studio Version 17
VisualStudioVersion = 17.5.2.0
MinimumVisualStudioVersion = 10.0.40219.1
Project("{FAE04EC0-301F-11D3-BF4B-00C04F79EFBC}") = "BarberBooking.API", "BarberBooking.API\BarberBooking.API.csproj", "{3480372A-0C8B-250C-FE76-389F35F90D4E}"
EndProject
Project("{FAE04EC0-301F-11D3-BF4B-00C04F79EFBC}") = "BarberBooking.Tests", "BarberBooking.Tests\BarberBooking.Tests.csproj", "{74C7F2FD-E291-48A7-A4F4-C43265EBB337}"
EndProject
Project("{FAE04EC0-301F-11D3-BF4B-00C04F79EFBC}") = "BarberBooking.Contracts", "BarberBooking.Contracts\BarberBooking.Contracts.csproj", "{3EE829EC-49C4-4BA2-AD5D-0C37B26DFDEB}"
EndProject
Project("{2150E333-8FDC-42A3-9474-1A3956D46DE8}") = "IdentityService", "IdentityService", "{C92C2A6C-C7DF-3B17-8CE7-85FC08468CCF}"
EndProject
Project("{FAE04EC0-301F-11D3-BF4B-00C04F79EFBC}") = "IdentityService.Domain", "IdentityService\IdentityService.Domain\IdentityService.Domain.csproj", "{1F6FB831-3A54-48B2-9294-37E9D28B1565}"
EndProject
Project("{FAE04EC0-301F-11D3-BF4B-00C04F79EFBC}") = "IdentityService.Application", "IdentityService\IdentityService.Application\IdentityService.Application.csproj", "{DA8F4B23-91C0-4649-B551-DA70681C15C1}"
EndProject
Project("{FAE04EC0-301F-11D3-BF4B-00C04F79EFBC}") = "IdentityService.Infrastructure", "IdentityService\IdentityService.Infrastructure\IdentityService.Infrastructure.csproj", "{EA913F12-D3DB-45C7-BDA5-CBDB140E213A}"
EndProject
Project("{FAE04EC0-301F-11D3-BF4B-00C04F79EFBC}") = "IdentityService.API", "IdentityService\IdentityService.API\IdentityService.API.csproj", "{B9C22ADC-B226-4152-B938-7FF55889F9A7}"
EndProject
Project("{2150E333-8FDC-42A3-9474-1A3956D46DE8}") = "NotifyService", "NotifyService", "{9521FED5-FB1F-70C0-D179-25387F03D91D}"
EndProject
Project("{FAE04EC0-301F-11D3-BF4B-00C04F79EFBC}") = "NotifyService.Domain", "NotifyService\NotifyService.Domain\NotifyService.Domain.csproj", "{AE6DF44E-645F-4E88-9DE3-DB1E15995699}"
EndProject
Project("{FAE04EC0-301F-11D3-BF4B-00C04F79EFBC}") = "NotifyService.Application", "NotifyService\NotifyService.Application\NotifyService.Application.csproj", "{5D6DE852-247A-4EE6-9F3B-73C4A16C34E4}"
EndProject
Project("{FAE04EC0-301F-11D3-BF4B-00C04F79EFBC}") = "NotifyService.Infrastructure", "NotifyService\NotifyService.Infrastructure\NotifyService.Infrastructure.csproj", "{8A74A651-6C51-4EF9-A74D-A4458C846B84}"
EndProject
Project("{FAE04EC0-301F-11D3-BF4B-00C04F79EFBC}") = "NotifyService.API", "NotifyService\NotifyService.API\NotifyService.API.csproj", "{31AF3946-85C1-48F5-AE06-8D1407F7262A}"
EndProject
Global
	GlobalSection(SolutionConfigurationPlatforms) = preSolution
		Debug|Any CPU = Debug|Any CPU
		Debug|x64 = Debug|x64
		Debug|x86 = Debug|x86
		Release|Any CPU = Release|Any CPU
		Release|x64 = Release|x64
		Release|x86 = Release|x86
	EndGlobalSection
	GlobalSection(ProjectConfigurationPlatforms) = postSolution
		{3480372A-0C8B-250C-FE76-389F35F90D4E}.Debug|Any CPU.ActiveCfg = Debug|Any CPU
		{3480372A-0C8B-250C-FE76-389F35F90D4E}.Debug|Any CPU.Build.0 = Debug|Any CPU
		{3480372A-0C8B-250C-FE76-389F35F90D4E}.Debug|x64.ActiveCfg = Debug|Any CPU
		{3480372A-0C8B-250C-FE76-389F35F90D4E}.Debug|x64.Build.0 = Debug|Any CPU
		{3480372A-0C8B-250C-FE76-389F35F90D4E}.Debug|x86.ActiveCfg = Debug|Any CPU
		{3480372A-0C8B-250C-FE76-389F35F90D4E}.Debug|x86.Build.0 = Debug|Any CPU
		{3480372A-0C8B-250C-FE76-389F35F90D4E}.Release|Any CPU.ActiveCfg = Release|Any CPU
		{3480372A-0C8B-250C-FE76-389F35F90D4E}.Release|Any CPU.Build.0 = Release|Any CPU
		{3480372A-0C8B-250C-FE76-389F35F90D4E}.Release|x64.ActiveCfg = Release|Any CPU
		{3480372A-0C8B-250C-FE76-389F35F90D4E}.Release|x64.Build.0 = Release|Any CPU
		{3480372A-0C8B-250C-FE76-389F35F90D4E}.Release|x86.ActiveCfg = Release|Any CPU
		{3480372A-0C8B-250C-FE76-389F35F90D4E}.Release|x86.Build.0 = Release|Any CPU
		{74C7F2FD-E291-48A7-A4F4-C43265EBB337}.Debug|Any CPU.ActiveCfg = Debug|Any CPU
		{74C7F2FD-E291-48A7-A4F4-C43265EBB337}.Debug|Any CPU.Build.0 = Debug|Any CPU
		{74C7F2FD-E291-48A7-A4F4-C43265EBB337}.Debug|x64.ActiveCfg = Debug|Any CPU
		{74C7F2FD-E291-48A7-A4F4-C43265EBB337}.Debug|x64.Build.0 = Debug|Any CPU
		{74C7F2FD-E291-48A7-A4F4-C43265EBB337}.Debug|x86.ActiveCfg = Debug|Any CPU
		{74C7F2FD-E291-48A7-A4F4-C43265EBB337}.Debug|x86.Build.0 = Debug|Any CPU
		{74C7F2FD-E291-48A7-A4F4-C43265EBB337}.Release|Any CPU.ActiveCfg = Release|Any CPU
		{74C7F2FD-E291-48A7-A4F4-C43265EBB337}.Release|Any CPU.Build.0 = Release|Any CPU
		{74C7F2FD-E291-48A7-A4F4-C43265EBB337}.Release|x64.ActiveCfg = Release|Any CPU
		{74C7F2FD-E291-48A7-A4F4-C43265EBB337}.Release|x64.Build.0 = Release|Any CPU
		{74C7F2FD-E291-48A7-A4F4-C43265EBB337}.Release|x86.ActiveCfg = Release|Any CPU
		{74C7F2FD-E291-48A7-A4F4-C43265EBB337}.Release|x86.Build.0 = Release|Any CPU
		{3EE829EC-49C4-4BA2-AD5D-0C37B26DFDEB}.Debug|Any CPU.ActiveCfg = Debug|Any CPU
		{3EE829EC-49C4-4BA2-AD5D-0C37B26DFDEB}.Debug|Any CPU.Build.0 = Debug|Any CPU
		{3EE829EC-49C4-4BA2-AD5D-0C37B26DFDEB}.Debug|x64.ActiveCfg = Debug|Any CPU
		{3EE829EC-49C4-4BA2-AD5D-0C37B26DFDEB}.Debug|x64.Build.0 = Debug|Any CPU
		{3EE829EC-49C4-4BA2-AD5D-0C37B26DFDEB}.Debug|x86.ActiveCfg = Debug|Any CPU
		{3EE829EC-49C4-4BA2-AD5D-0C37B26DFDEB}.Debug|x86.Build.0 = Debug|Any CPU
		{3EE829EC-49C4-4BA2-AD5D-0C37B26DFDEB}.Release|Any CPU.ActiveCfg = Release|Any CPU
		{3EE829EC-49C4-4BA2-AD5D-0C37B26DFDEB}.Release|Any CPU.Build.0 = Release|Any CPU
		{3EE829EC-49C4-4BA2-AD5D-0C37B26DFDEB}.Release|x64.ActiveCfg = Release|Any CPU
		{3EE829EC-49C4-4BA2-AD5D-0C37B26DFDEB}.Release|x64.Build.0 = Release|Any CPU
		{3EE829EC-49C4-4BA2-AD5D-0C37B26DFDEB}.Release|x86.ActiveCfg = Release|Any CPU
		{3EE829EC-49C4-4BA2-AD5D-0C37B26DFDEB}.Release|x86.Build.0 = Release|Any CPU
		{1F6FB831-3A54-48B2-9294-37E9D28B1565}.Debug|Any CPU.ActiveCfg = Debug|Any CPU
		{1F6FB831-3A54-48B2-9294-37E9D28B1565}.Debug|Any CPU.Build.0 = Debug|Any CPU
		{1F6FB831-3A54-48B2-9294-37E9D28B1565}.Debug|x64.ActiveCfg = Debug|Any CPU
		{1F6FB831-3A54-48B2-9294-37E9D28B1565}.Debug|x64.Build.0 = Debug|Any CPU
		{1F6FB831-3A54-48B2-9294-37E9D28B1565}.Debug|x86.ActiveCfg = Debug|Any CPU
		{1F6FB831-3A54-48B2-9294-37E9D28B1565}.Debug|x86.Build.0 = Debug|Any CPU
		{1F6FB831-3A54-48B2-9294-37E9D28B1565}.Release|Any CPU.ActiveCfg = Release|Any CPU
		{1F6FB831-3A54-48B2-9294-37E9D28B1565}.Release|Any CPU.Build.0 = Release|Any CPU
		{1F6FB831-3A54-48B2-9294-37E9D28B1565}.Release|x64.ActiveCfg = Release|Any CPU
		{1F6FB831-3A54-48B2-9294-37E9D28B1565}.Release|x64.Build.0 = Release|Any CPU
		{1F6FB831-3A54-48B2-9294-37E9D28B1565}.Release|x86.ActiveCfg = Release|Any CPU
		{1F6FB831-3A54-48B2-9294-37E9D28B1565}.Release|x86.Build.0 = Release|Any CPU
		{DA8F4B23-91C0-4649-B551-DA70681C15C1}.Debug|Any CPU.ActiveCfg = Debug|Any CPU
		{DA8F4B23-91C0-4649-B551-DA70681C15C1}.Debug|Any CPU.Build.0 = Debug|Any CPU
		{DA8F4B23-91C0-4649-B551-DA70681C15C1}.Debug|x64.ActiveCfg = Debug|Any CPU
		{DA8F4B23-91C0-4649-B551-DA70681C15C1}.Debug|x64.Build.0 = Debug|Any CPU
		{DA8F4B23-91C0-4649-B551-DA70681C15C1}.Debug|x86.ActiveCfg = Debug|Any CPU
		{DA8F4B23-91C0-4649-B551-DA70681C15C1}.Debug|x86.Build.0 = Debug|Any CPU
		{DA8F4B23-91C0-4649-B551-DA70681C15C1}.Release|Any CPU.ActiveCfg = Release|Any CPU
		{DA8F4B23-91C0-4649-B551-DA70681C15C1}.Release|Any CPU.Build.0 = Release|Any CPU
		{DA8F4B23-91C0-4649-B551-DA70681C15C1}.Release|x64.ActiveCfg = Release|Any CPU
		{DA8F4B23-91C0-4649-B551-DA70681C15C1}.Release|x64.Build.0 = Release|Any CPU
		{DA8F4B23-91C0-4649-B551-DA70681C15C1}.Release|x86.ActiveCfg = Release|Any CPU
		{DA8F4B23-91C0-4649-B551-DA70681C15C1}.Release|x86.Build.0 = Release|Any CPU
		{EA913F12-D3DB-45C7-BDA5-CBDB140E213A}.Debug|Any CPU.ActiveCfg = Debug|Any CPU
		{EA913F12-D3DB-45C7-BDA5-CBDB140E213A}.Debug|Any CPU.Build.0 = Debug|Any CPU
		{EA913F12-D3DB-45C7-BDA5-CBDB140E213A}.Debug|x64.ActiveCfg = Debug|Any CPU
		{EA913F12-D3DB-45C7-BDA5-CBDB140E213A}.Debug|x64.Build.0 = Debug|Any CPU
		{EA913F12-D3DB-45C7-BDA5-CBDB140E213A}.Debug|x86.ActiveCfg = Debug|Any CPU
		{EA913F12-D3DB-45C7-BDA5-CBDB140E213A}.Debug|x86.Build.0 = Debug|Any CPU
		{EA913F12-D3DB-45C7-BDA5-CBDB140E213A}.Release|Any CPU.ActiveCfg = Release|Any CPU
		{EA913F12-D3DB-45C7-BDA5-CBDB140E213A}.Release|Any CPU.Build.0 = Release|Any CPU
		{EA913F12-D3DB-45C7-BDA5-CBDB140E213A}.Release|x64.ActiveCfg = Release|Any CPU
		{EA913F12-D3DB-45C7-BDA5-CBDB140E213A}.Release|x64.Build.0 = Release|Any CPU
		{EA913F12-D3DB-45C7-BDA5-CBDB140E213A}.Release|x86.ActiveCfg = Release|Any CPU
		{EA913F12-D3DB-45C7-BDA5-CBDB140E213A}.Release|x86.Build.0 = Release|Any CPU
		{B9C22ADC-B226-4152-B938-7FF55889F9A7}.Debug|Any CPU.ActiveCfg = Debug|Any CPU
		{B9C22ADC-B226-4152-B938-7FF55889F9A7}.Debug|Any CPU.Build.0 = Debug|Any CPU
		{B9C22ADC-B226-4152-B938-7FF55889F9A7}.Debug|x64.ActiveCfg = Debug|Any CPU
		{B9C22ADC-B226-4152-B938-7FF55889F9A7}.Debug|x64.Build.0 = Debug|Any CPU
		{B9C22ADC-B226-4152-B938-7FF55889F9A7}.Debug|x86.ActiveCfg = Debug|Any CPU
		{B9C22ADC-B226-4152-B938-7FF55889F9A7}.Debug|x86.Build.0 = Debug|Any CPU
		{B9C22ADC-B226-4152-B938-7FF55889F9A7}.Release|Any CPU.ActiveCfg = Release|Any CPU
		{B9C22ADC-B226-4152-B938-7FF55889F9A7}.Release|Any CPU.Build.0 = Release|Any CPU
		{B9C22ADC-B226-4152-B938-7FF55889F9A7}.Release|x64.ActiveCfg = Release|Any CPU
		{B9C22ADC-B226-4152-B938-7FF55889F9A7}.Release|x64.Build.0 = Release|Any CPU
		{B9C22ADC-B226-4152-B938-7FF55889F9A7}.Release|x86.ActiveCfg = Release|Any CPU
		{B9C22ADC-B226-4152-B938-7FF55889F9A7}.Release|x86.Build.0 = Release|Any CPU
		{AE6DF44E-645F-4E88-9DE3-DB1E15995699}.Debug|Any CPU.ActiveCfg = Debug|Any CPU
		{AE6DF44E-645F-4E88-9DE3-DB1E15995699}.Debug|Any CPU.Build.0 = Debug|Any CPU
		{AE6DF44E-645F-4E88-9DE3-DB1E15995699}.Debug|x64.ActiveCfg = Debug|Any CPU
		{AE6DF44E-645F-4E88-9DE3-DB1E15995699}.Debug|x64.Build.0 = Debug|Any CPU
		{AE6DF44E-645F-4E88-9DE3-DB1E15995699}.Debug|x86.ActiveCfg = Debug|Any CPU
		{AE6DF44E-645F-4E88-9DE3-DB1E15995699}.Debug|x86.Build.0 = Debug|Any CPU
		{AE6DF44E-645F-4E88-9DE3-DB1E15995699}.Release|Any CPU.ActiveCfg = Release|Any CPU
		{AE6DF44E-645F-4E88-9DE3-DB1E15995699}.Release|Any CPU.Build.0 = Release|Any CPU
		{AE6DF44E-645F-4E88-9DE3-DB1E15995699}.Release|x64.ActiveCfg = Release|Any CPU
		{AE6DF44E-645F-4E88-9DE3-DB1E15995699}.Release|x64.Build.0 = Release|Any CPU
		{AE6DF44E-645F-4E88-9DE3-DB1E15995699}.Release|x86.ActiveCfg = Release|Any CPU
		{AE6DF44E-645F-4E88-9DE3-DB1E15995699}.Release|x86.Build.0 = Release|Any CPU
		{5D6DE852-247A-4EE6-9F3B-73C4A16C34E4}.Debug|Any CPU.ActiveCfg = Debug|Any CPU
		{5D6DE852-247A-4EE6-9F3B-73C4A16C34E4}.Debug|Any CPU.Build.0 = Debug|Any CPU
		{5D6DE852-247A-4EE6-9F3B-73C4A16C34E4}.Debug|x64.ActiveCfg = Debug|Any CPU
		{5D6DE852-247A-4EE6-9F3B-73C4A16C34E4}.Debug|x64.Build.0 = Debug|Any CPU
		{5D6DE852-247A-4EE6-9F3B-73C4A16C34E4}.Debug|x86.ActiveCfg = Debug|Any CPU
		{5D6DE852-247A-4EE6-9F3B-73C4A16C34E4}.Debug|x86.Build.0 = Debug|Any CPU
		{5D6DE852-247A-4EE6-9F3B-73C4A16C34E4}.Release|Any CPU.ActiveCfg = Release|Any CPU
		{5D6DE852-247A-4EE6-9F3B-73C4A16C34E4}.Release|Any CPU.Build.0 = Release|Any CPU
		{5D6DE852-247A-4EE6-9F3B-73C4A16C34E4}.Release|x64.ActiveCfg = Release|Any CPU
		{5D6DE852-247A-4EE6-9F3B-73C4A16C34E4}.Release|x64.Build.0 = Release|Any CPU
		{5D6DE852-247A-4EE6-9F3B-73C4A16C34E4}.Release|x86.ActiveCfg = Release|Any CPU
		{5D6DE852-247A-4EE6-9F3B-73C4A16C34E4}.Release|x86.Build.0 = Release|Any CPU
		{8A74A651-6C51-4EF9-A74D-A4458C846B84}.Debug|Any CPU.ActiveCfg = Debug|Any CPU
		{8A74A651-6C51-4EF9-A74D-A4458C846B84}.Debug|Any CPU.Build.0 = Debug|Any CPU
		{8A74A651-6C51-4EF9-A74D-A4458C846B84}.Debug|x64.ActiveCfg = Debug|Any CPU
		{8A74A651-6C51-4EF9-A74D-A4458C846B84}.Debug|x64.Build.0 = Debug|Any CPU
		{8A74A651-6C51-4EF9-A74D-A4458C846B84}.Debug|x86.ActiveCfg = Debug|Any CPU
		{8A74A651-6C51-4EF9-A74D-A4458C846B84}.Debug|x86.Build.0 = Debug|Any CPU
		{8A74A651-6C51-4EF9-A74D-A4458C846B84}.Release|Any CPU.ActiveCfg = Release|Any CPU
		{8A74A651-6C51-4EF9-A74D-A4458C846B84}.Release|Any CPU.Build.0 = Release|Any CPU
		{8A74A651-6C51-4EF9-A74D-A4458C846B84}.Release|x64.ActiveCfg = Release|Any CPU
		{8A74A651-6C51-4EF9-A74D-A4458C846B84}.Release|x64.Build.0 = Release|Any CPU
		{8A74A651-6C51-4EF9-A74D-A4458C846B84}.Release|x86.ActiveCfg = Release|Any CPU
		{8A74A651-6C51-4EF9-A74D-A4458C846B84}.Release|x86.Build.0 = Release|Any CPU
		{31AF3946-85C1-48F5-AE06-8D1407F7262A}.Debug|Any CPU.ActiveCfg = Debug|Any CPU
		{31AF3946-85C1-48F5-AE06-8D1407F7262A}.Debug|Any CPU.Build.0 = Debug|Any CPU
		{31AF3946-85C1-48F5-AE06-8D1407F7262A}.Debug|x64.ActiveCfg = Debug|Any CPU
		{31AF3946-85C1-48F5-AE06-8D1407F7262A}.Debug|x64.Build.0 = Debug|Any CPU
		{31AF3946-85C1-48F5-AE06-8D1407F7262A}.Debug|x86.ActiveCfg = Debug|Any CPU
		{31AF3946-85C1-48F5-AE06-8D1407F7262A}.Debug|x86.Build.0 = Debug|Any CPU
		{31AF3946-85C1-48F5-AE06-8D1407F7262A}.Release|Any CPU.ActiveCfg = Release|Any CPU
		{31AF3946-85C1-48F5-AE06-8D1407F7262A}.Release|Any CPU.Build.0 = Release|Any CPU
		{31AF3946-85C1-48F5-AE06-8D1407F7262A}.Release|x64.ActiveCfg = Release|Any CPU
		{31AF3946-85C1-48F5-AE06-8D1407F7262A}.Release|x64.Build.0 = Release|Any CPU
		{31AF3946-85C1-48F5-AE06-8D1407F7262A}.Release|x86.ActiveCfg = Release|Any CPU
		{31AF3946-85C1-48F5-AE06-8D1407F7262A}.Release|x86.Build.0 = Release|Any CPU
	EndGlobalSection
	GlobalSection(SolutionProperties) = preSolution
		HideSolutionNode = FALSE
	EndGlobalSection
	GlobalSection(NestedProjects) = preSolution
		{1F6FB831-3A54-48B2-9294-37E9D28B1565} = {C92C2A6C-C7DF-3B17-8CE7-85FC08468CCF}
		{DA8F4B23-91C0-4649-B551-DA70681C15C1} = {C92C2A6C-C7DF-3B17-8CE7-85FC08468CCF}
		{EA913F12-D3DB-45C7-BDA5-CBDB140E213A} = {C92C2A6C-C7DF-3B17-8CE7-85FC08468CCF}
		{B9C22ADC-B226-4152-B938-7FF55889F9A7} = {C92C2A6C-C7DF-3B17-8CE7-85FC08468CCF}
		{AE6DF44E-645F-4E88-9DE3-DB1E15995699} = {9521FED5-FB1F-70C0-D179-25387F03D91D}
		{5D6DE852-247A-4EE6-9F3B-73C4A16C34E4} = {9521FED5-FB1F-70C0-D179-25387F03D91D}
		{8A74A651-6C51-4EF9-A74D-A4458C846B84} = {9521FED5-FB1F-70C0-D179-25387F03D91D}
		{31AF3946-85C1-48F5-AE06-8D1407F7262A} = {9521FED5-FB1F-70C0-D179-25387F03D91D}
	EndGlobalSection
	GlobalSection(ExtensibilityGlobals) = postSolution
		SolutionGuid = {EED5B466-4438-4160-A3F6-AAFEFDC94BD3}
	EndGlobalSection
EndGlobal
